
Microsoft Visual Studio Solution File, Format Version 12.00
# Visual Studio Version 17
VisualStudioVersion = 17.9.34728.123
MinimumVisualStudioVersion = 10.0.40219.1
Project("{9A19103F-16F7-4668-BE54-9A1E7A4F7556}") = "KitapPazariWeb", "KitapPazariWeb\KitapPazariWeb.csproj", "{D6EC364F-EB11-4A62-BF0C-A68022E465E6}"
EndProject
Project("{FAE04EC0-301F-11D3-BF4B-00C04F79EFBC}") = "KitapPazariDataAccess", "KitapPazariDataAccess\KitapPazariDataAccess.csproj", "{611D9133-11D8-40BE-91F6-3E5FA1768836}"
EndProject
Project("{FAE04EC0-301F-11D3-BF4B-00C04F79EFBC}") = "KitapPazariModels", "KitapPazariModels\KitapPazariModels.csproj", "{9E5579EE-1DB9-4180-91C9-13A481E4D317}"
EndProject
Project("{FAE04EC0-301F-11D3-BF4B-00C04F79EFBC}") = "KitapPazariUtility", "KitapPazariUtility\KitapPazariUtility.csproj", "{ABC7AAE8-25FE-4E1E-A1DE-AC4AACFDC087}"
EndProject
Global
	GlobalSection(SolutionConfigurationPlatforms) = preSolution
		Debug|Any CPU = Debug|Any CPU
		Release|Any CPU = Release|Any CPU
	EndGlobalSection
	GlobalSection(ProjectConfigurationPlatforms) = postSolution
		{D6EC364F-EB11-4A62-BF0C-A68022E465E6}.Debug|Any CPU.ActiveCfg = Debug|Any CPU
		{D6EC364F-EB11-4A62-BF0C-A68022E465E6}.Debug|Any CPU.Build.0 = Debug|Any CPU
		{D6EC364F-EB11-4A62-BF0C-A68022E465E6}.Release|Any CPU.ActiveCfg = Release|Any CPU
		{D6EC364F-EB11-4A62-BF0C-A68022E465E6}.Release|Any CPU.Build.0 = Release|Any CPU
		{611D9133-11D8-40BE-91F6-3E5FA1768836}.Debug|Any CPU.ActiveCfg = Debug|Any CPU
		{611D9133-11D8-40BE-91F6-3E5FA1768836}.Debug|Any CPU.Build.0 = Debug|Any CPU
		{611D9133-11D8-40BE-91F6-3E5FA1768836}.Release|Any CPU.ActiveCfg = Release|Any CPU
		{611D9133-11D8-40BE-91F6-3E5FA1768836}.Release|Any CPU.Build.0 = Release|Any CPU
		{9E5579EE-1DB9-4180-91C9-13A481E4D317}.Debug|Any CPU.ActiveCfg = Debug|Any CPU
		{9E5579EE-1DB9-4180-91C9-13A481E4D317}.Debug|Any CPU.Build.0 = Debug|Any CPU
		{9E5579EE-1DB9-4180-91C9-13A481E4D317}.Release|Any CPU.ActiveCfg = Release|Any CPU
		{9E5579EE-1DB9-4180-91C9-13A481E4D317}.Release|Any CPU.Build.0 = Release|Any CPU
		{ABC7AAE8-25FE-4E1E-A1DE-AC4AACFDC087}.Debug|Any CPU.ActiveCfg = Debug|Any CPU
		{ABC7AAE8-25FE-4E1E-A1DE-AC4AACFDC087}.Debug|Any CPU.Build.0 = Debug|Any CPU
		{ABC7AAE8-25FE-4E1E-A1DE-AC4AACFDC087}.Release|Any CPU.ActiveCfg = Release|Any CPU
		{ABC7AAE8-25FE-4E1E-A1DE-AC4AACFDC087}.Release|Any CPU.Build.0 = Release|Any CPU
	EndGlobalSection
	GlobalSection(SolutionProperties) = preSolution
		HideSolutionNode = FALSE
	EndGlobalSection
	GlobalSection(ExtensibilityGlobals) = postSolution
		SolutionGuid = {049D556A-2379-4E08-853F-ECA47D360AB0}
	EndGlobalSection
EndGlobal
